// !$*UTF8*$!
{
	archiveVersion = 1;
	classes = {
	};
	objectVersion = 46;
	objects = {

/* Begin PBXBuildFile section */
		2CF93BE7D1C94FE708608005 /* Pods_RecyQ.framework in Frameworks */ = {isa = PBXBuildFile; fileRef = 966C04DDEEFDCD80B9AF9A52 /* Pods_RecyQ.framework */; };
		A6A595981CA023D400A120C1 /* AppDelegate.swift in Sources */ = {isa = PBXBuildFile; fileRef = A6A595971CA023D400A120C1 /* AppDelegate.swift */; };
		A6A5959F1CA023D400A120C1 /* Main.storyboard in Resources */ = {isa = PBXBuildFile; fileRef = A6A5959D1CA023D400A120C1 /* Main.storyboard */; };
		A6A595A11CA023D400A120C1 /* Assets.xcassets in Resources */ = {isa = PBXBuildFile; fileRef = A6A595A01CA023D400A120C1 /* Assets.xcassets */; };
		A6A595A41CA023D400A120C1 /* LaunchScreen.storyboard in Resources */ = {isa = PBXBuildFile; fileRef = A6A595A21CA023D400A120C1 /* LaunchScreen.storyboard */; };
		A6A595AF1CA023D500A120C1 /* RecyQTests.swift in Sources */ = {isa = PBXBuildFile; fileRef = A6A595AE1CA023D500A120C1 /* RecyQTests.swift */; };
		A6A595BA1CA023D500A120C1 /* RecyQUITests.swift in Sources */ = {isa = PBXBuildFile; fileRef = A6A595B91CA023D500A120C1 /* RecyQUITests.swift */; };
		A6A595C91CA0350100A120C1 /* LoginViewController.swift in Sources */ = {isa = PBXBuildFile; fileRef = A6A595C71CA0350100A120C1 /* LoginViewController.swift */; };
		A6A595CA1CA0350100A120C1 /* LoginViewController.xib in Resources */ = {isa = PBXBuildFile; fileRef = A6A595C81CA0350100A120C1 /* LoginViewController.xib */; };
		A6A595CD1CA0351600A120C1 /* StatsViewController.swift in Sources */ = {isa = PBXBuildFile; fileRef = A6A595CB1CA0351600A120C1 /* StatsViewController.swift */; };
		A6A595CE1CA0351600A120C1 /* StatsViewController.xib in Resources */ = {isa = PBXBuildFile; fileRef = A6A595CC1CA0351600A120C1 /* StatsViewController.xib */; };
		A6A595D11CA0352D00A120C1 /* StoreViewController.swift in Sources */ = {isa = PBXBuildFile; fileRef = A6A595CF1CA0352D00A120C1 /* StoreViewController.swift */; };
		A6A595D21CA0352D00A120C1 /* StoreViewController.xib in Resources */ = {isa = PBXBuildFile; fileRef = A6A595D01CA0352D00A120C1 /* StoreViewController.xib */; };
		A6A595D51CA0354100A120C1 /* StoreDetailViewController.swift in Sources */ = {isa = PBXBuildFile; fileRef = A6A595D31CA0354100A120C1 /* StoreDetailViewController.swift */; };
		A6A595D61CA0354100A120C1 /* StoreDetailViewController.xib in Resources */ = {isa = PBXBuildFile; fileRef = A6A595D41CA0354100A120C1 /* StoreDetailViewController.xib */; };
		A6A595D91CA0354F00A120C1 /* ProfileViewController.swift in Sources */ = {isa = PBXBuildFile; fileRef = A6A595D71CA0354F00A120C1 /* ProfileViewController.swift */; };
		A6A595DA1CA0354F00A120C1 /* ProfileViewController.xib in Resources */ = {isa = PBXBuildFile; fileRef = A6A595D81CA0354F00A120C1 /* ProfileViewController.xib */; };
		A6AE69101CB50BD200C54E98 /* CommunityTableViewCell.swift in Sources */ = {isa = PBXBuildFile; fileRef = A6AE690C1CB50BD200C54E98 /* CommunityTableViewCell.swift */; };
		A6AE69111CB50BD200C54E98 /* CommunityTableViewCell.xib in Resources */ = {isa = PBXBuildFile; fileRef = A6AE690D1CB50BD200C54E98 /* CommunityTableViewCell.xib */; };
		A6AE69121CB50BD200C54E98 /* CommunityViewController.swift in Sources */ = {isa = PBXBuildFile; fileRef = A6AE690E1CB50BD200C54E98 /* CommunityViewController.swift */; };
		A6AE69131CB50BD200C54E98 /* CommunityViewController.xib in Resources */ = {isa = PBXBuildFile; fileRef = A6AE690F1CB50BD200C54E98 /* CommunityViewController.xib */; };
		A6BC03A01CCA27B8009FAACE /* Coupon.swift in Sources */ = {isa = PBXBuildFile; fileRef = A6BC039F1CCA27B8009FAACE /* Coupon.swift */; };
		A6E1FF6A1CA15980006F0F4B /* StoreItem.swift in Sources */ = {isa = PBXBuildFile; fileRef = A6E1FF691CA15980006F0F4B /* StoreItem.swift */; };
		A6E1FF6C1CA18ECD006F0F4B /* User.swift in Sources */ = {isa = PBXBuildFile; fileRef = A6E1FF6B1CA18ECD006F0F4B /* User.swift */; };
		F20D2C2E1CB729E900BE28BE /* CO2ViewController.swift in Sources */ = {isa = PBXBuildFile; fileRef = F20D2C2C1CB729E900BE28BE /* CO2ViewController.swift */; };
		F20D2C2F1CB729E900BE28BE /* CO2ViewController.xib in Resources */ = {isa = PBXBuildFile; fileRef = F20D2C2D1CB729E900BE28BE /* CO2ViewController.xib */; };
		F2510BAE1CA0450D008894CE /* StoreTableViewCell.swift in Sources */ = {isa = PBXBuildFile; fileRef = F2510BAC1CA0450D008894CE /* StoreTableViewCell.swift */; };
		F2510BAF1CA0450D008894CE /* StoreTableViewCell.xib in Resources */ = {isa = PBXBuildFile; fileRef = F2510BAD1CA0450D008894CE /* StoreTableViewCell.xib */; };
		F25FF4761CA1DDD5004BA7AB /* RecyQAnnotation.swift in Sources */ = {isa = PBXBuildFile; fileRef = F25FF4751CA1DDD5004BA7AB /* RecyQAnnotation.swift */; };
		F26B8F501CB72E870066F972 /* RecyQTokenViewController.swift in Sources */ = {isa = PBXBuildFile; fileRef = F26B8F4E1CB72E870066F972 /* RecyQTokenViewController.swift */; };
		F26B8F511CB72E870066F972 /* RecyQTokenViewController.xib in Resources */ = {isa = PBXBuildFile; fileRef = F26B8F4F1CB72E870066F972 /* RecyQTokenViewController.xib */; };
		F2A5A8E41CD2CCF3009B2BC6 /* LeaderboardViewController.swift in Sources */ = {isa = PBXBuildFile; fileRef = F2A5A8E21CD2CCF3009B2BC6 /* LeaderboardViewController.swift */; };
		F2A5A8E51CD2CCF3009B2BC6 /* LeaderboardViewController.xib in Resources */ = {isa = PBXBuildFile; fileRef = F2A5A8E31CD2CCF3009B2BC6 /* LeaderboardViewController.xib */; };
		F2A5A8E81CD2D3CE009B2BC6 /* PartnersViewController.swift in Sources */ = {isa = PBXBuildFile; fileRef = F2A5A8E61CD2D3CE009B2BC6 /* PartnersViewController.swift */; };
		F2A5A8E91CD2D3CE009B2BC6 /* PartnersViewController.xib in Resources */ = {isa = PBXBuildFile; fileRef = F2A5A8E71CD2D3CE009B2BC6 /* PartnersViewController.xib */; };
		F2FA16AC1CA54AFA00B7B506 /* MicrosoftAzureMobile.framework in Frameworks */ = {isa = PBXBuildFile; fileRef = F2FA16AB1CA54AFA00B7B506 /* MicrosoftAzureMobile.framework */; };
/* End PBXBuildFile section */

/* Begin PBXContainerItemProxy section */
		A6A595AB1CA023D500A120C1 /* PBXContainerItemProxy */ = {
			isa = PBXContainerItemProxy;
			containerPortal = A6A5958C1CA023D400A120C1 /* Project object */;
			proxyType = 1;
			remoteGlobalIDString = A6A595931CA023D400A120C1;
			remoteInfo = RecyQ;
		};
		A6A595B61CA023D500A120C1 /* PBXContainerItemProxy */ = {
			isa = PBXContainerItemProxy;
			containerPortal = A6A5958C1CA023D400A120C1 /* Project object */;
			proxyType = 1;
			remoteGlobalIDString = A6A595931CA023D400A120C1;
			remoteInfo = RecyQ;
		};
/* End PBXContainerItemProxy section */

/* Begin PBXFileReference section */
		896F76A6A2778310BE75A9FE /* Pods-RecyQ.release.xcconfig */ = {isa = PBXFileReference; includeInIndex = 1; lastKnownFileType = text.xcconfig; name = "Pods-RecyQ.release.xcconfig"; path = "Pods/Target Support Files/Pods-RecyQ/Pods-RecyQ.release.xcconfig"; sourceTree = "<group>"; };
		966C04DDEEFDCD80B9AF9A52 /* Pods_RecyQ.framework */ = {isa = PBXFileReference; explicitFileType = wrapper.framework; includeInIndex = 0; path = Pods_RecyQ.framework; sourceTree = BUILT_PRODUCTS_DIR; };
		A6A595941CA023D400A120C1 /* RecyQ.app */ = {isa = PBXFileReference; explicitFileType = wrapper.application; includeInIndex = 0; path = RecyQ.app; sourceTree = BUILT_PRODUCTS_DIR; };
		A6A595971CA023D400A120C1 /* AppDelegate.swift */ = {isa = PBXFileReference; lastKnownFileType = sourcecode.swift; path = AppDelegate.swift; sourceTree = "<group>"; };
		A6A5959E1CA023D400A120C1 /* Base */ = {isa = PBXFileReference; lastKnownFileType = file.storyboard; name = Base; path = Base.lproj/Main.storyboard; sourceTree = "<group>"; };
		A6A595A01CA023D400A120C1 /* Assets.xcassets */ = {isa = PBXFileReference; lastKnownFileType = folder.assetcatalog; path = Assets.xcassets; sourceTree = "<group>"; };
		A6A595A31CA023D400A120C1 /* Base */ = {isa = PBXFileReference; lastKnownFileType = file.storyboard; name = Base; path = Base.lproj/LaunchScreen.storyboard; sourceTree = "<group>"; };
		A6A595A51CA023D400A120C1 /* Info.plist */ = {isa = PBXFileReference; lastKnownFileType = text.plist.xml; path = Info.plist; sourceTree = "<group>"; };
		A6A595AA1CA023D500A120C1 /* RecyQTests.xctest */ = {isa = PBXFileReference; explicitFileType = wrapper.cfbundle; includeInIndex = 0; path = RecyQTests.xctest; sourceTree = BUILT_PRODUCTS_DIR; };
		A6A595AE1CA023D500A120C1 /* RecyQTests.swift */ = {isa = PBXFileReference; lastKnownFileType = sourcecode.swift; path = RecyQTests.swift; sourceTree = "<group>"; };
		A6A595B01CA023D500A120C1 /* Info.plist */ = {isa = PBXFileReference; lastKnownFileType = text.plist.xml; path = Info.plist; sourceTree = "<group>"; };
		A6A595B51CA023D500A120C1 /* RecyQUITests.xctest */ = {isa = PBXFileReference; explicitFileType = wrapper.cfbundle; includeInIndex = 0; path = RecyQUITests.xctest; sourceTree = BUILT_PRODUCTS_DIR; };
		A6A595B91CA023D500A120C1 /* RecyQUITests.swift */ = {isa = PBXFileReference; lastKnownFileType = sourcecode.swift; path = RecyQUITests.swift; sourceTree = "<group>"; };
		A6A595BB1CA023D500A120C1 /* Info.plist */ = {isa = PBXFileReference; lastKnownFileType = text.plist.xml; path = Info.plist; sourceTree = "<group>"; };
		A6A595C71CA0350100A120C1 /* LoginViewController.swift */ = {isa = PBXFileReference; fileEncoding = 4; lastKnownFileType = sourcecode.swift; path = LoginViewController.swift; sourceTree = "<group>"; };
		A6A595C81CA0350100A120C1 /* LoginViewController.xib */ = {isa = PBXFileReference; fileEncoding = 4; lastKnownFileType = file.xib; path = LoginViewController.xib; sourceTree = "<group>"; };
		A6A595CB1CA0351600A120C1 /* StatsViewController.swift */ = {isa = PBXFileReference; fileEncoding = 4; lastKnownFileType = sourcecode.swift; path = StatsViewController.swift; sourceTree = "<group>"; };
		A6A595CC1CA0351600A120C1 /* StatsViewController.xib */ = {isa = PBXFileReference; fileEncoding = 4; lastKnownFileType = file.xib; path = StatsViewController.xib; sourceTree = "<group>"; };
		A6A595CF1CA0352D00A120C1 /* StoreViewController.swift */ = {isa = PBXFileReference; fileEncoding = 4; lastKnownFileType = sourcecode.swift; path = StoreViewController.swift; sourceTree = "<group>"; };
		A6A595D01CA0352D00A120C1 /* StoreViewController.xib */ = {isa = PBXFileReference; fileEncoding = 4; lastKnownFileType = file.xib; path = StoreViewController.xib; sourceTree = "<group>"; };
		A6A595D31CA0354100A120C1 /* StoreDetailViewController.swift */ = {isa = PBXFileReference; fileEncoding = 4; lastKnownFileType = sourcecode.swift; path = StoreDetailViewController.swift; sourceTree = "<group>"; };
		A6A595D41CA0354100A120C1 /* StoreDetailViewController.xib */ = {isa = PBXFileReference; fileEncoding = 4; lastKnownFileType = file.xib; path = StoreDetailViewController.xib; sourceTree = "<group>"; };
		A6A595D71CA0354F00A120C1 /* ProfileViewController.swift */ = {isa = PBXFileReference; fileEncoding = 4; lastKnownFileType = sourcecode.swift; path = ProfileViewController.swift; sourceTree = "<group>"; };
		A6A595D81CA0354F00A120C1 /* ProfileViewController.xib */ = {isa = PBXFileReference; fileEncoding = 4; lastKnownFileType = file.xib; path = ProfileViewController.xib; sourceTree = "<group>"; };
		A6AE690C1CB50BD200C54E98 /* CommunityTableViewCell.swift */ = {isa = PBXFileReference; fileEncoding = 4; lastKnownFileType = sourcecode.swift; path = CommunityTableViewCell.swift; sourceTree = "<group>"; };
		A6AE690D1CB50BD200C54E98 /* CommunityTableViewCell.xib */ = {isa = PBXFileReference; fileEncoding = 4; lastKnownFileType = file.xib; path = CommunityTableViewCell.xib; sourceTree = "<group>"; };
		A6AE690E1CB50BD200C54E98 /* CommunityViewController.swift */ = {isa = PBXFileReference; fileEncoding = 4; lastKnownFileType = sourcecode.swift; path = CommunityViewController.swift; sourceTree = "<group>"; };
		A6AE690F1CB50BD200C54E98 /* CommunityViewController.xib */ = {isa = PBXFileReference; fileEncoding = 4; lastKnownFileType = file.xib; path = CommunityViewController.xib; sourceTree = "<group>"; };
		A6BC039F1CCA27B8009FAACE /* Coupon.swift */ = {isa = PBXFileReference; fileEncoding = 4; lastKnownFileType = sourcecode.swift; path = Coupon.swift; sourceTree = "<group>"; };
		A6C1F9E91CA42BBF00E7B89B /* RecyQ-Bridging-Header.h */ = {isa = PBXFileReference; lastKnownFileType = sourcecode.c.h; path = "RecyQ-Bridging-Header.h"; sourceTree = "<group>"; };
		A6E1FF691CA15980006F0F4B /* StoreItem.swift */ = {isa = PBXFileReference; fileEncoding = 4; lastKnownFileType = sourcecode.swift; path = StoreItem.swift; sourceTree = "<group>"; };
		A6E1FF6B1CA18ECD006F0F4B /* User.swift */ = {isa = PBXFileReference; fileEncoding = 4; lastKnownFileType = sourcecode.swift; path = User.swift; sourceTree = "<group>"; };
		B315E3B545646FB0F6110B48 /* Pods-RecyQ.debug.xcconfig */ = {isa = PBXFileReference; includeInIndex = 1; lastKnownFileType = text.xcconfig; name = "Pods-RecyQ.debug.xcconfig"; path = "Pods/Target Support Files/Pods-RecyQ/Pods-RecyQ.debug.xcconfig"; sourceTree = "<group>"; };
		F20D2C2C1CB729E900BE28BE /* CO2ViewController.swift */ = {isa = PBXFileReference; fileEncoding = 4; lastKnownFileType = sourcecode.swift; path = CO2ViewController.swift; sourceTree = "<group>"; };
		F20D2C2D1CB729E900BE28BE /* CO2ViewController.xib */ = {isa = PBXFileReference; fileEncoding = 4; lastKnownFileType = file.xib; path = CO2ViewController.xib; sourceTree = "<group>"; };
		F2510BAC1CA0450D008894CE /* StoreTableViewCell.swift */ = {isa = PBXFileReference; fileEncoding = 4; lastKnownFileType = sourcecode.swift; path = StoreTableViewCell.swift; sourceTree = "<group>"; };
		F2510BAD1CA0450D008894CE /* StoreTableViewCell.xib */ = {isa = PBXFileReference; fileEncoding = 4; lastKnownFileType = file.xib; path = StoreTableViewCell.xib; sourceTree = "<group>"; };
		F25FF4751CA1DDD5004BA7AB /* RecyQAnnotation.swift */ = {isa = PBXFileReference; fileEncoding = 4; lastKnownFileType = sourcecode.swift; path = RecyQAnnotation.swift; sourceTree = "<group>"; };
		F26B8F4E1CB72E870066F972 /* RecyQTokenViewController.swift */ = {isa = PBXFileReference; fileEncoding = 4; lastKnownFileType = sourcecode.swift; path = RecyQTokenViewController.swift; sourceTree = "<group>"; };
		F26B8F4F1CB72E870066F972 /* RecyQTokenViewController.xib */ = {isa = PBXFileReference; fileEncoding = 4; lastKnownFileType = file.xib; path = RecyQTokenViewController.xib; sourceTree = "<group>"; };
		F2A5A8E21CD2CCF3009B2BC6 /* LeaderboardViewController.swift */ = {isa = PBXFileReference; fileEncoding = 4; lastKnownFileType = sourcecode.swift; path = LeaderboardViewController.swift; sourceTree = "<group>"; };
		F2A5A8E31CD2CCF3009B2BC6 /* LeaderboardViewController.xib */ = {isa = PBXFileReference; fileEncoding = 4; lastKnownFileType = file.xib; path = LeaderboardViewController.xib; sourceTree = "<group>"; };
		F2A5A8E61CD2D3CE009B2BC6 /* PartnersViewController.swift */ = {isa = PBXFileReference; fileEncoding = 4; lastKnownFileType = sourcecode.swift; path = PartnersViewController.swift; sourceTree = "<group>"; };
		F2A5A8E71CD2D3CE009B2BC6 /* PartnersViewController.xib */ = {isa = PBXFileReference; fileEncoding = 4; lastKnownFileType = file.xib; path = PartnersViewController.xib; sourceTree = "<group>"; };
		F2FA16AB1CA54AFA00B7B506 /* MicrosoftAzureMobile.framework */ = {isa = PBXFileReference; lastKnownFileType = wrapper.framework; path = MicrosoftAzureMobile.framework; sourceTree = "<group>"; };
/* End PBXFileReference section */

/* Begin PBXFrameworksBuildPhase section */
		A6A595911CA023D400A120C1 /* Frameworks */ = {
			isa = PBXFrameworksBuildPhase;
			buildActionMask = 2147483647;
			files = (
				F2FA16AC1CA54AFA00B7B506 /* MicrosoftAzureMobile.framework in Frameworks */,
				2CF93BE7D1C94FE708608005 /* Pods_RecyQ.framework in Frameworks */,
			);
			runOnlyForDeploymentPostprocessing = 0;
		};
		A6A595A71CA023D500A120C1 /* Frameworks */ = {
			isa = PBXFrameworksBuildPhase;
			buildActionMask = 2147483647;
			files = (
			);
			runOnlyForDeploymentPostprocessing = 0;
		};
		A6A595B21CA023D500A120C1 /* Frameworks */ = {
			isa = PBXFrameworksBuildPhase;
			buildActionMask = 2147483647;
			files = (
			);
			runOnlyForDeploymentPostprocessing = 0;
		};
/* End PBXFrameworksBuildPhase section */

/* Begin PBXGroup section */
		A6A5958B1CA023D400A120C1 = {
			isa = PBXGroup;
			children = (
				A6A595961CA023D400A120C1 /* RecyQ */,
				A6A595AD1CA023D500A120C1 /* RecyQTests */,
				A6A595B81CA023D500A120C1 /* RecyQUITests */,
				A6A595951CA023D400A120C1 /* Products */,
				CA0C7C101104EB41ED7B8681 /* Pods */,
				AFE1C6C80342CB3EEB6E835A /* Frameworks */,
			);
			sourceTree = "<group>";
		};
		A6A595951CA023D400A120C1 /* Products */ = {
			isa = PBXGroup;
			children = (
				A6A595941CA023D400A120C1 /* RecyQ.app */,
				A6A595AA1CA023D500A120C1 /* RecyQTests.xctest */,
				A6A595B51CA023D500A120C1 /* RecyQUITests.xctest */,
			);
			name = Products;
			sourceTree = "<group>";
		};
		A6A595961CA023D400A120C1 /* RecyQ */ = {
			isa = PBXGroup;
			children = (
				A6A595971CA023D400A120C1 /* AppDelegate.swift */,
				F23AFA6B1CBBDE5B007B0F51 /* Models */,
				F23AFA6C1CBBDE8D007B0F51 /* View Controllers */,
				A6AE690C1CB50BD200C54E98 /* CommunityTableViewCell.swift */,
				A6AE690D1CB50BD200C54E98 /* CommunityTableViewCell.xib */,
				F2510BAC1CA0450D008894CE /* StoreTableViewCell.swift */,
				F2510BAD1CA0450D008894CE /* StoreTableViewCell.xib */,
				A6A5959D1CA023D400A120C1 /* Main.storyboard */,
				A6A595A01CA023D400A120C1 /* Assets.xcassets */,
				A6A595A21CA023D400A120C1 /* LaunchScreen.storyboard */,
				A6A595A51CA023D400A120C1 /* Info.plist */,
				A6C1F9E91CA42BBF00E7B89B /* RecyQ-Bridging-Header.h */,
			);
			path = RecyQ;
			sourceTree = "<group>";
		};
		A6A595AD1CA023D500A120C1 /* RecyQTests */ = {
			isa = PBXGroup;
			children = (
				A6A595AE1CA023D500A120C1 /* RecyQTests.swift */,
				A6A595B01CA023D500A120C1 /* Info.plist */,
			);
			path = RecyQTests;
			sourceTree = "<group>";
		};
		A6A595B81CA023D500A120C1 /* RecyQUITests */ = {
			isa = PBXGroup;
			children = (
				A6A595B91CA023D500A120C1 /* RecyQUITests.swift */,
				A6A595BB1CA023D500A120C1 /* Info.plist */,
			);
			path = RecyQUITests;
			sourceTree = "<group>";
		};
		AFE1C6C80342CB3EEB6E835A /* Frameworks */ = {
			isa = PBXGroup;
			children = (
				966C04DDEEFDCD80B9AF9A52 /* Pods_RecyQ.framework */,
				F2FA16AB1CA54AFA00B7B506 /* MicrosoftAzureMobile.framework */,
			);
			name = Frameworks;
			sourceTree = "<group>";
		};
		CA0C7C101104EB41ED7B8681 /* Pods */ = {
			isa = PBXGroup;
			children = (
				B315E3B545646FB0F6110B48 /* Pods-RecyQ.debug.xcconfig */,
				896F76A6A2778310BE75A9FE /* Pods-RecyQ.release.xcconfig */,
			);
			name = Pods;
			sourceTree = "<group>";
		};
		F23AFA6B1CBBDE5B007B0F51 /* Models */ = {
			isa = PBXGroup;
			children = (
				A6E1FF6B1CA18ECD006F0F4B /* User.swift */,
				A6E1FF691CA15980006F0F4B /* StoreItem.swift */,
				A6BC039F1CCA27B8009FAACE /* Coupon.swift */,
				F25FF4751CA1DDD5004BA7AB /* RecyQAnnotation.swift */,
			);
			name = Models;
			sourceTree = "<group>";
		};
		F23AFA6C1CBBDE8D007B0F51 /* View Controllers */ = {
			isa = PBXGroup;
			children = (
				A6A595C71CA0350100A120C1 /* LoginViewController.swift */,
				A6A595C81CA0350100A120C1 /* LoginViewController.xib */,
				A6A595CB1CA0351600A120C1 /* StatsViewController.swift */,
				A6A595CC1CA0351600A120C1 /* StatsViewController.xib */,
				F26B8F4E1CB72E870066F972 /* RecyQTokenViewController.swift */,
				F26B8F4F1CB72E870066F972 /* RecyQTokenViewController.xib */,
				F20D2C2C1CB729E900BE28BE /* CO2ViewController.swift */,
				F20D2C2D1CB729E900BE28BE /* CO2ViewController.xib */,
				F2A5A8E21CD2CCF3009B2BC6 /* LeaderboardViewController.swift */,
				F2A5A8E31CD2CCF3009B2BC6 /* LeaderboardViewController.xib */,
				F2A5A8E61CD2D3CE009B2BC6 /* PartnersViewController.swift */,
				F2A5A8E71CD2D3CE009B2BC6 /* PartnersViewController.xib */,
				A6AE690E1CB50BD200C54E98 /* CommunityViewController.swift */,
				A6AE690F1CB50BD200C54E98 /* CommunityViewController.xib */,
				A6A595CF1CA0352D00A120C1 /* StoreViewController.swift */,
				A6A595D01CA0352D00A120C1 /* StoreViewController.xib */,
				A6A595D31CA0354100A120C1 /* StoreDetailViewController.swift */,
				A6A595D41CA0354100A120C1 /* StoreDetailViewController.xib */,
				A6A595D71CA0354F00A120C1 /* ProfileViewController.swift */,
				A6A595D81CA0354F00A120C1 /* ProfileViewController.xib */,
			);
			name = "View Controllers";
			sourceTree = "<group>";
		};
/* End PBXGroup section */

/* Begin PBXNativeTarget section */
		A6A595931CA023D400A120C1 /* RecyQ */ = {
			isa = PBXNativeTarget;
			buildConfigurationList = A6A595BE1CA023D500A120C1 /* Build configuration list for PBXNativeTarget "RecyQ" */;
			buildPhases = (
				D3B733F402C3A3A55BD87946 /* Check Pods Manifest.lock */,
				A6A595901CA023D400A120C1 /* Sources */,
				A6A595911CA023D400A120C1 /* Frameworks */,
				A6A595921CA023D400A120C1 /* Resources */,
				0CF824A79106024AF9928AC1 /* Embed Pods Frameworks */,
				0DE8F1F0CC18B13BBD8ADDE2 /* Copy Pods Resources */,
			);
			buildRules = (
			);
			dependencies = (
			);
			name = RecyQ;
			productName = RecyQ;
			productReference = A6A595941CA023D400A120C1 /* RecyQ.app */;
			productType = "com.apple.product-type.application";
		};
		A6A595A91CA023D500A120C1 /* RecyQTests */ = {
			isa = PBXNativeTarget;
			buildConfigurationList = A6A595C11CA023D500A120C1 /* Build configuration list for PBXNativeTarget "RecyQTests" */;
			buildPhases = (
				A6A595A61CA023D500A120C1 /* Sources */,
				A6A595A71CA023D500A120C1 /* Frameworks */,
				A6A595A81CA023D500A120C1 /* Resources */,
			);
			buildRules = (
			);
			dependencies = (
				A6A595AC1CA023D500A120C1 /* PBXTargetDependency */,
			);
			name = RecyQTests;
			productName = RecyQTests;
			productReference = A6A595AA1CA023D500A120C1 /* RecyQTests.xctest */;
			productType = "com.apple.product-type.bundle.unit-test";
		};
		A6A595B41CA023D500A120C1 /* RecyQUITests */ = {
			isa = PBXNativeTarget;
			buildConfigurationList = A6A595C41CA023D500A120C1 /* Build configuration list for PBXNativeTarget "RecyQUITests" */;
			buildPhases = (
				A6A595B11CA023D500A120C1 /* Sources */,
				A6A595B21CA023D500A120C1 /* Frameworks */,
				A6A595B31CA023D500A120C1 /* Resources */,
			);
			buildRules = (
			);
			dependencies = (
				A6A595B71CA023D500A120C1 /* PBXTargetDependency */,
			);
			name = RecyQUITests;
			productName = RecyQUITests;
			productReference = A6A595B51CA023D500A120C1 /* RecyQUITests.xctest */;
			productType = "com.apple.product-type.bundle.ui-testing";
		};
/* End PBXNativeTarget section */

/* Begin PBXProject section */
		A6A5958C1CA023D400A120C1 /* Project object */ = {
			isa = PBXProject;
			attributes = {
				LastSwiftUpdateCheck = 0720;
				LastUpgradeCheck = 0720;
				ORGANIZATIONNAME = Jimsalabim;
				TargetAttributes = {
					A6A595931CA023D400A120C1 = {
						CreatedOnToolsVersion = 7.2.1;
					};
					A6A595A91CA023D500A120C1 = {
						CreatedOnToolsVersion = 7.2.1;
						TestTargetID = A6A595931CA023D400A120C1;
					};
					A6A595B41CA023D500A120C1 = {
						CreatedOnToolsVersion = 7.2.1;
						TestTargetID = A6A595931CA023D400A120C1;
					};
				};
			};
			buildConfigurationList = A6A5958F1CA023D400A120C1 /* Build configuration list for PBXProject "RecyQ" */;
			compatibilityVersion = "Xcode 3.2";
			developmentRegion = English;
			hasScannedForEncodings = 0;
			knownRegions = (
				en,
				Base,
			);
			mainGroup = A6A5958B1CA023D400A120C1;
			productRefGroup = A6A595951CA023D400A120C1 /* Products */;
			projectDirPath = "";
			projectRoot = "";
			targets = (
				A6A595931CA023D400A120C1 /* RecyQ */,
				A6A595A91CA023D500A120C1 /* RecyQTests */,
				A6A595B41CA023D500A120C1 /* RecyQUITests */,
			);
		};
/* End PBXProject section */

/* Begin PBXResourcesBuildPhase section */
		A6A595921CA023D400A120C1 /* Resources */ = {
			isa = PBXResourcesBuildPhase;
			buildActionMask = 2147483647;
			files = (
				F2A5A8E51CD2CCF3009B2BC6 /* LeaderboardViewController.xib in Resources */,
				A6A595D21CA0352D00A120C1 /* StoreViewController.xib in Resources */,
				F20D2C2F1CB729E900BE28BE /* CO2ViewController.xib in Resources */,
				A6A595CA1CA0350100A120C1 /* LoginViewController.xib in Resources */,
				A6A595DA1CA0354F00A120C1 /* ProfileViewController.xib in Resources */,
				A6A595A41CA023D400A120C1 /* LaunchScreen.storyboard in Resources */,
				F2A5A8E91CD2D3CE009B2BC6 /* PartnersViewController.xib in Resources */,
				A6AE69131CB50BD200C54E98 /* CommunityViewController.xib in Resources */,
				A6A595CE1CA0351600A120C1 /* StatsViewController.xib in Resources */,
				A6A595A11CA023D400A120C1 /* Assets.xcassets in Resources */,
				A6A595D61CA0354100A120C1 /* StoreDetailViewController.xib in Resources */,
				A6A5959F1CA023D400A120C1 /* Main.storyboard in Resources */,
				F2510BAF1CA0450D008894CE /* StoreTableViewCell.xib in Resources */,
				F26B8F511CB72E870066F972 /* RecyQTokenViewController.xib in Resources */,
				A6AE69111CB50BD200C54E98 /* CommunityTableViewCell.xib in Resources */,
			);
			runOnlyForDeploymentPostprocessing = 0;
		};
		A6A595A81CA023D500A120C1 /* Resources */ = {
			isa = PBXResourcesBuildPhase;
			buildActionMask = 2147483647;
			files = (
			);
			runOnlyForDeploymentPostprocessing = 0;
		};
		A6A595B31CA023D500A120C1 /* Resources */ = {
			isa = PBXResourcesBuildPhase;
			buildActionMask = 2147483647;
			files = (
			);
			runOnlyForDeploymentPostprocessing = 0;
		};
/* End PBXResourcesBuildPhase section */

/* Begin PBXShellScriptBuildPhase section */
		0CF824A79106024AF9928AC1 /* Embed Pods Frameworks */ = {
			isa = PBXShellScriptBuildPhase;
			buildActionMask = 2147483647;
			files = (
			);
			inputPaths = (
			);
			name = "Embed Pods Frameworks";
			outputPaths = (
			);
			runOnlyForDeploymentPostprocessing = 0;
			shellPath = /bin/sh;
			shellScript = "\"${SRCROOT}/Pods/Target Support Files/Pods-RecyQ/Pods-RecyQ-frameworks.sh\"\n";
			showEnvVarsInLog = 0;
		};
		0DE8F1F0CC18B13BBD8ADDE2 /* Copy Pods Resources */ = {
			isa = PBXShellScriptBuildPhase;
			buildActionMask = 2147483647;
			files = (
			);
			inputPaths = (
			);
			name = "Copy Pods Resources";
			outputPaths = (
			);
			runOnlyForDeploymentPostprocessing = 0;
			shellPath = /bin/sh;
			shellScript = "\"${SRCROOT}/Pods/Target Support Files/Pods-RecyQ/Pods-RecyQ-resources.sh\"\n";
			showEnvVarsInLog = 0;
		};
		D3B733F402C3A3A55BD87946 /* Check Pods Manifest.lock */ = {
			isa = PBXShellScriptBuildPhase;
			buildActionMask = 2147483647;
			files = (
			);
			inputPaths = (
			);
			name = "Check Pods Manifest.lock";
			outputPaths = (
			);
			runOnlyForDeploymentPostprocessing = 0;
			shellPath = /bin/sh;
			shellScript = "diff \"${PODS_ROOT}/../Podfile.lock\" \"${PODS_ROOT}/Manifest.lock\" > /dev/null\nif [[ $? != 0 ]] ; then\n    cat << EOM\nerror: The sandbox is not in sync with the Podfile.lock. Run 'pod install' or update your CocoaPods installation.\nEOM\n    exit 1\nfi\n";
			showEnvVarsInLog = 0;
		};
/* End PBXShellScriptBuildPhase section */

/* Begin PBXSourcesBuildPhase section */
		A6A595901CA023D400A120C1 /* Sources */ = {
			isa = PBXSourcesBuildPhase;
			buildActionMask = 2147483647;
			files = (
				F2A5A8E81CD2D3CE009B2BC6 /* PartnersViewController.swift in Sources */,
				A6BC03A01CCA27B8009FAACE /* Coupon.swift in Sources */,
				A6A595C91CA0350100A120C1 /* LoginViewController.swift in Sources */,
				A6AE69101CB50BD200C54E98 /* CommunityTableViewCell.swift in Sources */,
				A6A595D11CA0352D00A120C1 /* StoreViewController.swift in Sources */,
				A6A595981CA023D400A120C1 /* AppDelegate.swift in Sources */,
				A6A595CD1CA0351600A120C1 /* StatsViewController.swift in Sources */,
				A6E1FF6A1CA15980006F0F4B /* StoreItem.swift in Sources */,
				A6E1FF6C1CA18ECD006F0F4B /* User.swift in Sources */,
				A6A595D51CA0354100A120C1 /* StoreDetailViewController.swift in Sources */,
				A6AE69121CB50BD200C54E98 /* CommunityViewController.swift in Sources */,
				F25FF4761CA1DDD5004BA7AB /* RecyQAnnotation.swift in Sources */,
				F2510BAE1CA0450D008894CE /* StoreTableViewCell.swift in Sources */,
				A6A595D91CA0354F00A120C1 /* ProfileViewController.swift in Sources */,
				F20D2C2E1CB729E900BE28BE /* CO2ViewController.swift in Sources */,
				F2A5A8E41CD2CCF3009B2BC6 /* LeaderboardViewController.swift in Sources */,
				F26B8F501CB72E870066F972 /* RecyQTokenViewController.swift in Sources */,
			);
			runOnlyForDeploymentPostprocessing = 0;
		};
		A6A595A61CA023D500A120C1 /* Sources */ = {
			isa = PBXSourcesBuildPhase;
			buildActionMask = 2147483647;
			files = (
				A6A595AF1CA023D500A120C1 /* RecyQTests.swift in Sources */,
			);
			runOnlyForDeploymentPostprocessing = 0;
		};
		A6A595B11CA023D500A120C1 /* Sources */ = {
			isa = PBXSourcesBuildPhase;
			buildActionMask = 2147483647;
			files = (
				A6A595BA1CA023D500A120C1 /* RecyQUITests.swift in Sources */,
			);
			runOnlyForDeploymentPostprocessing = 0;
		};
/* End PBXSourcesBuildPhase section */

/* Begin PBXTargetDependency section */
		A6A595AC1CA023D500A120C1 /* PBXTargetDependency */ = {
			isa = PBXTargetDependency;
			target = A6A595931CA023D400A120C1 /* RecyQ */;
			targetProxy = A6A595AB1CA023D500A120C1 /* PBXContainerItemProxy */;
		};
		A6A595B71CA023D500A120C1 /* PBXTargetDependency */ = {
			isa = PBXTargetDependency;
			target = A6A595931CA023D400A120C1 /* RecyQ */;
			targetProxy = A6A595B61CA023D500A120C1 /* PBXContainerItemProxy */;
		};
/* End PBXTargetDependency section */

/* Begin PBXVariantGroup section */
		A6A5959D1CA023D400A120C1 /* Main.storyboard */ = {
			isa = PBXVariantGroup;
			children = (
				A6A5959E1CA023D400A120C1 /* Base */,
			);
			name = Main.storyboard;
			sourceTree = "<group>";
		};
		A6A595A21CA023D400A120C1 /* LaunchScreen.storyboard */ = {
			isa = PBXVariantGroup;
			children = (
				A6A595A31CA023D400A120C1 /* Base */,
			);
			name = LaunchScreen.storyboard;
			sourceTree = "<group>";
		};
/* End PBXVariantGroup section */

/* Begin XCBuildConfiguration section */
		A6A595BC1CA023D500A120C1 /* Debug */ = {
			isa = XCBuildConfiguration;
			buildSettings = {
				ALWAYS_SEARCH_USER_PATHS = NO;
				CLANG_CXX_LANGUAGE_STANDARD = "gnu++0x";
				CLANG_CXX_LIBRARY = "libc++";
				CLANG_ENABLE_MODULES = YES;
				CLANG_ENABLE_OBJC_ARC = YES;
				CLANG_WARN_BOOL_CONVERSION = YES;
				CLANG_WARN_CONSTANT_CONVERSION = YES;
				CLANG_WARN_DIRECT_OBJC_ISA_USAGE = YES_ERROR;
				CLANG_WARN_EMPTY_BODY = YES;
				CLANG_WARN_ENUM_CONVERSION = YES;
				CLANG_WARN_INT_CONVERSION = YES;
				CLANG_WARN_OBJC_ROOT_CLASS = YES_ERROR;
				CLANG_WARN_UNREACHABLE_CODE = YES;
				CLANG_WARN__DUPLICATE_METHOD_MATCH = YES;
				"CODE_SIGN_IDENTITY[sdk=iphoneos*]" = "iPhone Developer";
				COPY_PHASE_STRIP = NO;
				DEBUG_INFORMATION_FORMAT = dwarf;
				ENABLE_STRICT_OBJC_MSGSEND = YES;
				ENABLE_TESTABILITY = YES;
				GCC_C_LANGUAGE_STANDARD = gnu99;
				GCC_DYNAMIC_NO_PIC = NO;
				GCC_NO_COMMON_BLOCKS = YES;
				GCC_OPTIMIZATION_LEVEL = 0;
				GCC_PREPROCESSOR_DEFINITIONS = (
					"DEBUG=1",
					"$(inherited)",
				);
				GCC_WARN_64_TO_32_BIT_CONVERSION = YES;
				GCC_WARN_ABOUT_RETURN_TYPE = YES_ERROR;
				GCC_WARN_UNDECLARED_SELECTOR = YES;
				GCC_WARN_UNINITIALIZED_AUTOS = YES_AGGRESSIVE;
				GCC_WARN_UNUSED_FUNCTION = YES;
				GCC_WARN_UNUSED_VARIABLE = YES;
				IPHONEOS_DEPLOYMENT_TARGET = 9.2;
				MTL_ENABLE_DEBUG_INFO = YES;
				ONLY_ACTIVE_ARCH = YES;
				SDKROOT = iphoneos;
				SWIFT_OPTIMIZATION_LEVEL = "-Onone";
				TARGETED_DEVICE_FAMILY = "1,2";
			};
			name = Debug;
		};
		A6A595BD1CA023D500A120C1 /* Release */ = {
			isa = XCBuildConfiguration;
			buildSettings = {
				ALWAYS_SEARCH_USER_PATHS = NO;
				CLANG_CXX_LANGUAGE_STANDARD = "gnu++0x";
				CLANG_CXX_LIBRARY = "libc++";
				CLANG_ENABLE_MODULES = YES;
				CLANG_ENABLE_OBJC_ARC = YES;
				CLANG_WARN_BOOL_CONVERSION = YES;
				CLANG_WARN_CONSTANT_CONVERSION = YES;
				CLANG_WARN_DIRECT_OBJC_ISA_USAGE = YES_ERROR;
				CLANG_WARN_EMPTY_BODY = YES;
				CLANG_WARN_ENUM_CONVERSION = YES;
				CLANG_WARN_INT_CONVERSION = YES;
				CLANG_WARN_OBJC_ROOT_CLASS = YES_ERROR;
				CLANG_WARN_UNREACHABLE_CODE = YES;
				CLANG_WARN__DUPLICATE_METHOD_MATCH = YES;
				"CODE_SIGN_IDENTITY[sdk=iphoneos*]" = "iPhone Developer";
				COPY_PHASE_STRIP = NO;
				DEBUG_INFORMATION_FORMAT = "dwarf-with-dsym";
				ENABLE_NS_ASSERTIONS = NO;
				ENABLE_STRICT_OBJC_MSGSEND = YES;
				GCC_C_LANGUAGE_STANDARD = gnu99;
				GCC_NO_COMMON_BLOCKS = YES;
				GCC_WARN_64_TO_32_BIT_CONVERSION = YES;
				GCC_WARN_ABOUT_RETURN_TYPE = YES_ERROR;
				GCC_WARN_UNDECLARED_SELECTOR = YES;
				GCC_WARN_UNINITIALIZED_AUTOS = YES_AGGRESSIVE;
				GCC_WARN_UNUSED_FUNCTION = YES;
				GCC_WARN_UNUSED_VARIABLE = YES;
				IPHONEOS_DEPLOYMENT_TARGET = 9.2;
				MTL_ENABLE_DEBUG_INFO = NO;
				SDKROOT = iphoneos;
				TARGETED_DEVICE_FAMILY = "1,2";
				VALIDATE_PRODUCT = YES;
			};
			name = Release;
		};
		A6A595BF1CA023D500A120C1 /* Debug */ = {
			isa = XCBuildConfiguration;
			baseConfigurationReference = B315E3B545646FB0F6110B48 /* Pods-RecyQ.debug.xcconfig */;
			buildSettings = {
				ASSETCATALOG_COMPILER_APPICON_NAME = AppIcon;
				CLANG_ENABLE_MODULES = YES;
				FRAMEWORK_SEARCH_PATHS = (
					"$(inherited)",
					"$(PROJECT_DIR)",
				);
				INFOPLIST_FILE = RecyQ/Info.plist;
				LD_RUNPATH_SEARCH_PATHS = "$(inherited) @executable_path/Frameworks";
				PRODUCT_BUNDLE_IDENTIFIER = com.Jimsalabim.RecyQ;
				PRODUCT_NAME = "$(TARGET_NAME)";
				SWIFT_OBJC_BRIDGING_HEADER = "RecyQ/RecyQ-Bridging-Header.h";
				SWIFT_OPTIMIZATION_LEVEL = "-Onone";
			};
			name = Debug;
		};
		A6A595C01CA023D500A120C1 /* Release */ = {
			isa = XCBuildConfiguration;
			baseConfigurationReference = 896F76A6A2778310BE75A9FE /* Pods-RecyQ.release.xcconfig */;
			buildSettings = {
				ASSETCATALOG_COMPILER_APPICON_NAME = AppIcon;
				CLANG_ENABLE_MODULES = YES;
				FRAMEWORK_SEARCH_PATHS = (
					"$(inherited)",
					"$(PROJECT_DIR)",
				);
				INFOPLIST_FILE = RecyQ/Info.plist;
				LD_RUNPATH_SEARCH_PATHS = "$(inherited) @executable_path/Frameworks";
				PRODUCT_BUNDLE_IDENTIFIER = com.Jimsalabim.RecyQ;
				PRODUCT_NAME = "$(TARGET_NAME)";
				SWIFT_OBJC_BRIDGING_HEADER = "RecyQ/RecyQ-Bridging-Header.h";
			};
			name = Release;
		};
		A6A595C21CA023D500A120C1 /* Debug */ = {
			isa = XCBuildConfiguration;
			buildSettings = {
				BUNDLE_LOADER = "$(TEST_HOST)";
				INFOPLIST_FILE = RecyQTests/Info.plist;
				LD_RUNPATH_SEARCH_PATHS = "$(inherited) @executable_path/Frameworks @loader_path/Frameworks";
				PRODUCT_BUNDLE_IDENTIFIER = com.Jimsalabim.RecyQTests;
				PRODUCT_NAME = "$(TARGET_NAME)";
				TEST_HOST = "$(BUILT_PRODUCTS_DIR)/RecyQ.app/RecyQ";
			};
			name = Debug;
		};
		A6A595C31CA023D500A120C1 /* Release */ = {
			isa = XCBuildConfiguration;
			buildSettings = {
				BUNDLE_LOADER = "$(TEST_HOST)";
				INFOPLIST_FILE = RecyQTests/Info.plist;
				LD_RUNPATH_SEARCH_PATHS = "$(inherited) @executable_path/Frameworks @loader_path/Frameworks";
				PRODUCT_BUNDLE_IDENTIFIER = com.Jimsalabim.RecyQTests;
				PRODUCT_NAME = "$(TARGET_NAME)";
				TEST_HOST = "$(BUILT_PRODUCTS_DIR)/RecyQ.app/RecyQ";
			};
			name = Release;
		};
		A6A595C51CA023D500A120C1 /* Debug */ = {
			isa = XCBuildConfiguration;
			buildSettings = {
				INFOPLIST_FILE = RecyQUITests/Info.plist;
				LD_RUNPATH_SEARCH_PATHS = "$(inherited) @executable_path/Frameworks @loader_path/Frameworks";
				PRODUCT_BUNDLE_IDENTIFIER = com.Jimsalabim.RecyQUITests;
				PRODUCT_NAME = "$(TARGET_NAME)";
				TEST_TARGET_NAME = RecyQ;
				USES_XCTRUNNER = YES;
			};
			name = Debug;
		};
		A6A595C61CA023D500A120C1 /* Release */ = {
			isa = XCBuildConfiguration;
			buildSettings = {
				INFOPLIST_FILE = RecyQUITests/Info.plist;
				LD_RUNPATH_SEARCH_PATHS = "$(inherited) @executable_path/Frameworks @loader_path/Frameworks";
				PRODUCT_BUNDLE_IDENTIFIER = com.Jimsalabim.RecyQUITests;
				PRODUCT_NAME = "$(TARGET_NAME)";
				TEST_TARGET_NAME = RecyQ;
				USES_XCTRUNNER = YES;
			};
			name = Release;
		};
/* End XCBuildConfiguration section */

/* Begin XCConfigurationList section */
		A6A5958F1CA023D400A120C1 /* Build configuration list for PBXProject "RecyQ" */ = {
			isa = XCConfigurationList;
			buildConfigurations = (
				A6A595BC1CA023D500A120C1 /* Debug */,
				A6A595BD1CA023D500A120C1 /* Release */,
			);
			defaultConfigurationIsVisible = 0;
			defaultConfigurationName = Release;
		};
		A6A595BE1CA023D500A120C1 /* Build configuration list for PBXNativeTarget "RecyQ" */ = {
			isa = XCConfigurationList;
			buildConfigurations = (
				A6A595BF1CA023D500A120C1 /* Debug */,
				A6A595C01CA023D500A120C1 /* Release */,
			);
			defaultConfigurationIsVisible = 0;
			defaultConfigurationName = Release;
		};
		A6A595C11CA023D500A120C1 /* Build configuration list for PBXNativeTarget "RecyQTests" */ = {
			isa = XCConfigurationList;
			buildConfigurations = (
				A6A595C21CA023D500A120C1 /* Debug */,
				A6A595C31CA023D500A120C1 /* Release */,
			);
			defaultConfigurationIsVisible = 0;
			defaultConfigurationName = Release;
		};
		A6A595C41CA023D500A120C1 /* Build configuration list for PBXNativeTarget "RecyQUITests" */ = {
			isa = XCConfigurationList;
			buildConfigurations = (
				A6A595C51CA023D500A120C1 /* Debug */,
				A6A595C61CA023D500A120C1 /* Release */,
			);
			defaultConfigurationIsVisible = 0;
			defaultConfigurationName = Release;
		};
/* End XCConfigurationList section */
	};
	rootObject = A6A5958C1CA023D400A120C1 /* Project object */;
}
